
Microsoft Visual Studio Solution File, Format Version 12.00
# Visual Studio Version 17
VisualStudioVersion = 17.14.36327.8
MinimumVisualStudioVersion = 10.0.40219.1
Project("{FAE04EC0-301F-11D3-BF4B-00C04F79EFBC}") = "Contracts.Domain", "Contracts.Domain\Contracts.Domain.csproj", "{F39B54FF-0650-4E2E-AD87-F7824F2189DD}"
EndProject
Project("{FAE04EC0-301F-11D3-BF4B-00C04F79EFBC}") = "Contracts.Infrastructure", "Contracts.Infrastructure\Contracts.Infrastructure.csproj", "{8324408C-B20B-45D8-A66E-D4D35E3C1510}"
EndProject
Project("{FAE04EC0-301F-11D3-BF4B-00C04F79EFBC}") = "Contracts.Application", "Contracts.Application\Contracts.Application.csproj", "{B840657C-8C2F-4D52-BD1D-5E41AEA314C5}"
EndProject
Project("{FAE04EC0-301F-11D3-BF4B-00C04F79EFBC}") = "Contracts.API", "Contracts.API\Contracts.API.csproj", "{A8B9A3DC-A492-44D1-9EAD-55D304AEB299}"
EndProject
Global
	GlobalSection(SolutionConfigurationPlatforms) = preSolution
		Debug|Any CPU = Debug|Any CPU
		Release|Any CPU = Release|Any CPU
	EndGlobalSection
	GlobalSection(ProjectConfigurationPlatforms) = postSolution
		{F39B54FF-0650-4E2E-AD87-F7824F2189DD}.Debug|Any CPU.ActiveCfg = Debug|Any CPU
		{F39B54FF-0650-4E2E-AD87-F7824F2189DD}.Debug|Any CPU.Build.0 = Debug|Any CPU
		{F39B54FF-0650-4E2E-AD87-F7824F2189DD}.Release|Any CPU.ActiveCfg = Release|Any CPU
		{F39B54FF-0650-4E2E-AD87-F7824F2189DD}.Release|Any CPU.Build.0 = Release|Any CPU
		{8324408C-B20B-45D8-A66E-D4D35E3C1510}.Debug|Any CPU.ActiveCfg = Debug|Any CPU
		{8324408C-B20B-45D8-A66E-D4D35E3C1510}.Debug|Any CPU.Build.0 = Debug|Any CPU
		{8324408C-B20B-45D8-A66E-D4D35E3C1510}.Release|Any CPU.ActiveCfg = Release|Any CPU
		{8324408C-B20B-45D8-A66E-D4D35E3C1510}.Release|Any CPU.Build.0 = Release|Any CPU
		{B840657C-8C2F-4D52-BD1D-5E41AEA314C5}.Debug|Any CPU.ActiveCfg = Debug|Any CPU
		{B840657C-8C2F-4D52-BD1D-5E41AEA314C5}.Debug|Any CPU.Build.0 = Debug|Any CPU
		{B840657C-8C2F-4D52-BD1D-5E41AEA314C5}.Release|Any CPU.ActiveCfg = Release|Any CPU
		{B840657C-8C2F-4D52-BD1D-5E41AEA314C5}.Release|Any CPU.Build.0 = Release|Any CPU
		{A8B9A3DC-A492-44D1-9EAD-55D304AEB299}.Debug|Any CPU.ActiveCfg = Debug|Any CPU
		{A8B9A3DC-A492-44D1-9EAD-55D304AEB299}.Debug|Any CPU.Build.0 = Debug|Any CPU
		{A8B9A3DC-A492-44D1-9EAD-55D304AEB299}.Release|Any CPU.ActiveCfg = Release|Any CPU
		{A8B9A3DC-A492-44D1-9EAD-55D304AEB299}.Release|Any CPU.Build.0 = Release|Any CPU
	EndGlobalSection
	GlobalSection(SolutionProperties) = preSolution
		HideSolutionNode = FALSE
	EndGlobalSection
	GlobalSection(ExtensibilityGlobals) = postSolution
		SolutionGuid = {172A6A8B-77CE-4F01-AE8F-47B2F8169967}
	EndGlobalSection
EndGlobal
