
Microsoft Visual Studio Solution File, Format Version 12.00
# Visual Studio Version 17
VisualStudioVersion = 17.14.36327.8
MinimumVisualStudioVersion = 10.0.40219.1
Project("{2150E333-8FDC-42A3-9474-1A3956D46DE8}") = "Common", "Common", "{02EA681E-C7D8-13C7-8484-4AC65E1B71E8}"
	ProjectSection(SolutionItems) = preProject
		Procitaj.txt = Procitaj.txt
	EndProjectSection
EndProject
Project("{FAE04EC0-301F-11D3-BF4B-00C04F79EFBC}") = "Common.Infrastructure", "Common.Infrastructure\Common.Infrastructure.csproj", "{1048445F-BAC3-4179-9302-019289C5EF85}"
EndProject
Project("{FAE04EC0-301F-11D3-BF4B-00C04F79EFBC}") = "Common.Domain", "Common.Domain\Common.Domain.csproj", "{EDE9AF43-FBC1-4963-9A33-75E8F92D981E}"
EndProject
Project("{FAE04EC0-301F-11D3-BF4B-00C04F79EFBC}") = "Common.API", "Common.API\Common.API.csproj", "{AF6B7DDC-3BD5-4DA9-A01C-5B63BAFDE599}"
EndProject
Project("{2150E333-8FDC-42A3-9474-1A3956D46DE8}") = "Module Separation", "Module Separation", "{9B9CFFD2-0C70-4880-8CBE-B6B8E5C77CA3}"
EndProject
Project("{2150E333-8FDC-42A3-9474-1A3956D46DE8}") = "Contracts", "Contracts", "{F309B036-8BF1-482B-B115-03FDABBD8DD0}"
EndProject
Project("{FAE04EC0-301F-11D3-BF4B-00C04F79EFBC}") = "Contracts.Domain", "Contracts.Domain\Contracts.Domain.csproj", "{3BB9EF52-5B09-471E-A780-38C898E81839}"
EndProject
Project("{FAE04EC0-301F-11D3-BF4B-00C04F79EFBC}") = "Contracts.Infrastructure", "Contracts.Infrastructure\Contracts.Infrastructure.csproj", "{4BAA400B-D184-4659-A824-189C3E2A7303}"
EndProject
Project("{FAE04EC0-301F-11D3-BF4B-00C04F79EFBC}") = "Contracts.Application", "Contracts.Application\Contracts.Application.csproj", "{30BFC58D-7E74-499E-962F-E0A928E3FA78}"
EndProject
Project("{FAE04EC0-301F-11D3-BF4B-00C04F79EFBC}") = "Contracts.API", "Contracts.API\Contracts.API.csproj", "{A0B3C0A5-7E2C-46A2-AEE6-606C180D7180}"
EndProject
Global
	GlobalSection(SolutionConfigurationPlatforms) = preSolution
		Debug|Any CPU = Debug|Any CPU
		Release|Any CPU = Release|Any CPU
	EndGlobalSection
	GlobalSection(ProjectConfigurationPlatforms) = postSolution
		{1048445F-BAC3-4179-9302-019289C5EF85}.Debug|Any CPU.ActiveCfg = Debug|Any CPU
		{1048445F-BAC3-4179-9302-019289C5EF85}.Debug|Any CPU.Build.0 = Debug|Any CPU
		{1048445F-BAC3-4179-9302-019289C5EF85}.Release|Any CPU.ActiveCfg = Release|Any CPU
		{1048445F-BAC3-4179-9302-019289C5EF85}.Release|Any CPU.Build.0 = Release|Any CPU
		{EDE9AF43-FBC1-4963-9A33-75E8F92D981E}.Debug|Any CPU.ActiveCfg = Debug|Any CPU
		{EDE9AF43-FBC1-4963-9A33-75E8F92D981E}.Debug|Any CPU.Build.0 = Debug|Any CPU
		{EDE9AF43-FBC1-4963-9A33-75E8F92D981E}.Release|Any CPU.ActiveCfg = Release|Any CPU
		{EDE9AF43-FBC1-4963-9A33-75E8F92D981E}.Release|Any CPU.Build.0 = Release|Any CPU
		{AF6B7DDC-3BD5-4DA9-A01C-5B63BAFDE599}.Debug|Any CPU.ActiveCfg = Debug|Any CPU
		{AF6B7DDC-3BD5-4DA9-A01C-5B63BAFDE599}.Debug|Any CPU.Build.0 = Debug|Any CPU
		{AF6B7DDC-3BD5-4DA9-A01C-5B63BAFDE599}.Release|Any CPU.ActiveCfg = Release|Any CPU
		{AF6B7DDC-3BD5-4DA9-A01C-5B63BAFDE599}.Release|Any CPU.Build.0 = Release|Any CPU
		{3BB9EF52-5B09-471E-A780-38C898E81839}.Debug|Any CPU.ActiveCfg = Debug|Any CPU
		{3BB9EF52-5B09-471E-A780-38C898E81839}.Debug|Any CPU.Build.0 = Debug|Any CPU
		{3BB9EF52-5B09-471E-A780-38C898E81839}.Release|Any CPU.ActiveCfg = Release|Any CPU
		{3BB9EF52-5B09-471E-A780-38C898E81839}.Release|Any CPU.Build.0 = Release|Any CPU
		{4BAA400B-D184-4659-A824-189C3E2A7303}.Debug|Any CPU.ActiveCfg = Debug|Any CPU
		{4BAA400B-D184-4659-A824-189C3E2A7303}.Debug|Any CPU.Build.0 = Debug|Any CPU
		{4BAA400B-D184-4659-A824-189C3E2A7303}.Release|Any CPU.ActiveCfg = Release|Any CPU
		{4BAA400B-D184-4659-A824-189C3E2A7303}.Release|Any CPU.Build.0 = Release|Any CPU
		{30BFC58D-7E74-499E-962F-E0A928E3FA78}.Debug|Any CPU.ActiveCfg = Debug|Any CPU
		{30BFC58D-7E74-499E-962F-E0A928E3FA78}.Debug|Any CPU.Build.0 = Debug|Any CPU
		{30BFC58D-7E74-499E-962F-E0A928E3FA78}.Release|Any CPU.ActiveCfg = Release|Any CPU
		{30BFC58D-7E74-499E-962F-E0A928E3FA78}.Release|Any CPU.Build.0 = Release|Any CPU
		{A0B3C0A5-7E2C-46A2-AEE6-606C180D7180}.Debug|Any CPU.ActiveCfg = Debug|Any CPU
		{A0B3C0A5-7E2C-46A2-AEE6-606C180D7180}.Debug|Any CPU.Build.0 = Debug|Any CPU
		{A0B3C0A5-7E2C-46A2-AEE6-606C180D7180}.Release|Any CPU.ActiveCfg = Release|Any CPU
		{A0B3C0A5-7E2C-46A2-AEE6-606C180D7180}.Release|Any CPU.Build.0 = Release|Any CPU
	EndGlobalSection
	GlobalSection(SolutionProperties) = preSolution
		HideSolutionNode = FALSE
	EndGlobalSection
	GlobalSection(NestedProjects) = preSolution
		{1048445F-BAC3-4179-9302-019289C5EF85} = {02EA681E-C7D8-13C7-8484-4AC65E1B71E8}
		{EDE9AF43-FBC1-4963-9A33-75E8F92D981E} = {02EA681E-C7D8-13C7-8484-4AC65E1B71E8}
		{AF6B7DDC-3BD5-4DA9-A01C-5B63BAFDE599} = {02EA681E-C7D8-13C7-8484-4AC65E1B71E8}
		{F309B036-8BF1-482B-B115-03FDABBD8DD0} = {9B9CFFD2-0C70-4880-8CBE-B6B8E5C77CA3}
		{3BB9EF52-5B09-471E-A780-38C898E81839} = {F309B036-8BF1-482B-B115-03FDABBD8DD0}
		{4BAA400B-D184-4659-A824-189C3E2A7303} = {F309B036-8BF1-482B-B115-03FDABBD8DD0}
		{30BFC58D-7E74-499E-962F-E0A928E3FA78} = {F309B036-8BF1-482B-B115-03FDABBD8DD0}
		{A0B3C0A5-7E2C-46A2-AEE6-606C180D7180} = {F309B036-8BF1-482B-B115-03FDABBD8DD0}
	EndGlobalSection
	GlobalSection(ExtensibilityGlobals) = postSolution
		SolutionGuid = {41DC0D77-A32E-4D05-8A25-5651C80E43AF}
	EndGlobalSection
EndGlobal
